// !$*UTF8*$!
{
	archiveVersion = 1;
	classes = {
	};
	objectVersion = 50;
	objects = {

/* Begin PBXBuildFile section */
		4813327A26BC47AA00AEE30C /* PasswordStatus.swift in Sources */ = {isa = PBXBuildFile; fileRef = 4813327926BC47AA00AEE30C /* PasswordStatus.swift */; };
		48190C8E26BC388D00FA4C1F /* SwiftUI_SignupApp.swift in Sources */ = {isa = PBXBuildFile; fileRef = 48190C8D26BC388D00FA4C1F /* SwiftUI_SignupApp.swift */; };
		48190C9026BC388D00FA4C1F /* SignupView.swift in Sources */ = {isa = PBXBuildFile; fileRef = 48190C8F26BC388D00FA4C1F /* SignupView.swift */; };
		48190C9226BC388F00FA4C1F /* Assets.xcassets in Resources */ = {isa = PBXBuildFile; fileRef = 48190C9126BC388F00FA4C1F /* Assets.xcassets */; };
		48190C9526BC388F00FA4C1F /* Preview Assets.xcassets in Resources */ = {isa = PBXBuildFile; fileRef = 48190C9426BC388F00FA4C1F /* Preview Assets.xcassets */; };
		48190CA326BC397D00FA4C1F /* SignupViewModel.swift in Sources */ = {isa = PBXBuildFile; fileRef = 48190CA226BC397D00FA4C1F /* SignupViewModel.swift */; };
/* End PBXBuildFile section */

/* Begin PBXFileReference section */
		4813327926BC47AA00AEE30C /* PasswordStatus.swift */ = {isa = PBXFileReference; lastKnownFileType = sourcecode.swift; path = PasswordStatus.swift; sourceTree = "<group>"; };
		48190C8A26BC388D00FA4C1F /* SwiftUI-Signup.app */ = {isa = PBXFileReference; explicitFileType = wrapper.application; includeInIndex = 0; path = "SwiftUI-Signup.app"; sourceTree = BUILT_PRODUCTS_DIR; };
		48190C8D26BC388D00FA4C1F /* SwiftUI_SignupApp.swift */ = {isa = PBXFileReference; lastKnownFileType = sourcecode.swift; path = SwiftUI_SignupApp.swift; sourceTree = "<group>"; };
		48190C8F26BC388D00FA4C1F /* SignupView.swift */ = {isa = PBXFileReference; lastKnownFileType = sourcecode.swift; path = SignupView.swift; sourceTree = "<group>"; };
		48190C9126BC388F00FA4C1F /* Assets.xcassets */ = {isa = PBXFileReference; lastKnownFileType = folder.assetcatalog; path = Assets.xcassets; sourceTree = "<group>"; };
		48190C9426BC388F00FA4C1F /* Preview Assets.xcassets */ = {isa = PBXFileReference; lastKnownFileType = folder.assetcatalog; path = "Preview Assets.xcassets"; sourceTree = "<group>"; };
		48190C9626BC388F00FA4C1F /* Info.plist */ = {isa = PBXFileReference; lastKnownFileType = text.plist.xml; path = Info.plist; sourceTree = "<group>"; };
		48190CA226BC397D00FA4C1F /* SignupViewModel.swift */ = {isa = PBXFileReference; lastKnownFileType = sourcecode.swift; path = SignupViewModel.swift; sourceTree = "<group>"; };
/* End PBXFileReference section */

/* Begin PBXFrameworksBuildPhase section */
		48190C8726BC388D00FA4C1F /* Frameworks */ = {
			isa = PBXFrameworksBuildPhase;
			buildActionMask = 2147483647;
			files = (
			);
			runOnlyForDeploymentPostprocessing = 0;
		};
/* End PBXFrameworksBuildPhase section */

/* Begin PBXGroup section */
		48190C8126BC388D00FA4C1F = {
			isa = PBXGroup;
			children = (
				48190C8C26BC388D00FA4C1F /* SwiftUI-Signup */,
				48190C8B26BC388D00FA4C1F /* Products */,
			);
			sourceTree = "<group>";
		};
		48190C8B26BC388D00FA4C1F /* Products */ = {
			isa = PBXGroup;
			children = (
				48190C8A26BC388D00FA4C1F /* SwiftUI-Signup.app */,
			);
			name = Products;
			sourceTree = "<group>";
		};
		48190C8C26BC388D00FA4C1F /* SwiftUI-Signup */ = {
			isa = PBXGroup;
			children = (
				48190C9E26BC38F500FA4C1F /* signup */,
				48190C8D26BC388D00FA4C1F /* SwiftUI_SignupApp.swift */,
				48190C9126BC388F00FA4C1F /* Assets.xcassets */,
				48190C9626BC388F00FA4C1F /* Info.plist */,
				48190C9326BC388F00FA4C1F /* Preview Content */,
			);
			path = "SwiftUI-Signup";
			sourceTree = "<group>";
		};
		48190C9326BC388F00FA4C1F /* Preview Content */ = {
			isa = PBXGroup;
			children = (
				48190C9426BC388F00FA4C1F /* Preview Assets.xcassets */,
			);
			path = "Preview Content";
			sourceTree = "<group>";
		};
		48190C9E26BC38F500FA4C1F /* signup */ = {
			isa = PBXGroup;
			children = (
				48190CA126BC390700FA4C1F /* view */,
				48190CA026BC390100FA4C1F /* viewModel */,
				48190C9F26BC38FD00FA4C1F /* model */,
			);
			path = signup;
			sourceTree = "<group>";
		};
		48190C9F26BC38FD00FA4C1F /* model */ = {
			isa = PBXGroup;
			children = (
				4813327926BC47AA00AEE30C /* PasswordStatus.swift */,
			);
			path = model;
			sourceTree = "<group>";
		};
		48190CA026BC390100FA4C1F /* viewModel */ = {
			isa = PBXGroup;
			children = (
				48190CA226BC397D00FA4C1F /* SignupViewModel.swift */,
			);
			path = viewModel;
			sourceTree = "<group>";
		};
		48190CA126BC390700FA4C1F /* view */ = {
			isa = PBXGroup;
			children = (
				48190C8F26BC388D00FA4C1F /* SignupView.swift */,
			);
			path = view;
			sourceTree = "<group>";
		};
/* End PBXGroup section */

/* Begin PBXNativeTarget section */
		48190C8926BC388D00FA4C1F /* SwiftUI-Signup */ = {
			isa = PBXNativeTarget;
			buildConfigurationList = 48190C9926BC388F00FA4C1F /* Build configuration list for PBXNativeTarget "SwiftUI-Signup" */;
			buildPhases = (
				48190C8626BC388D00FA4C1F /* Sources */,
				48190C8726BC388D00FA4C1F /* Frameworks */,
				48190C8826BC388D00FA4C1F /* Resources */,
			);
			buildRules = (
			);
			dependencies = (
			);
			name = "SwiftUI-Signup";
			productName = "SwiftUI-Signup";
			productReference = 48190C8A26BC388D00FA4C1F /* SwiftUI-Signup.app */;
			productType = "com.apple.product-type.application";
		};
/* End PBXNativeTarget section */

/* Begin PBXProject section */
		48190C8226BC388D00FA4C1F /* Project object */ = {
			isa = PBXProject;
			attributes = {
				LastSwiftUpdateCheck = 1250;
				LastUpgradeCheck = 1250;
				TargetAttributes = {
					48190C8926BC388D00FA4C1F = {
						CreatedOnToolsVersion = 12.5.1;
					};
				};
			};
			buildConfigurationList = 48190C8526BC388D00FA4C1F /* Build configuration list for PBXProject "SwiftUI-Signup" */;
			compatibilityVersion = "Xcode 9.3";
			developmentRegion = en;
			hasScannedForEncodings = 0;
			knownRegions = (
				en,
				Base,
			);
			mainGroup = 48190C8126BC388D00FA4C1F;
			productRefGroup = 48190C8B26BC388D00FA4C1F /* Products */;
			projectDirPath = "";
			projectRoot = "";
			targets = (
				48190C8926BC388D00FA4C1F /* SwiftUI-Signup */,
			);
		};
/* End PBXProject section */

/* Begin PBXResourcesBuildPhase section */
		48190C8826BC388D00FA4C1F /* Resources */ = {
			isa = PBXResourcesBuildPhase;
			buildActionMask = 2147483647;
			files = (
				48190C9526BC388F00FA4C1F /* Preview Assets.xcassets in Resources */,
				48190C9226BC388F00FA4C1F /* Assets.xcassets in Resources */,
			);
			runOnlyForDeploymentPostprocessing = 0;
		};
/* End PBXResourcesBuildPhase section */

/* Begin PBXSourcesBuildPhase section */
		48190C8626BC388D00FA4C1F /* Sources */ = {
			isa = PBXSourcesBuildPhase;
			buildActionMask = 2147483647;
			files = (
				48190C9026BC388D00FA4C1F /* SignupView.swift in Sources */,
				48190CA326BC397D00FA4C1F /* SignupViewModel.swift in Sources */,
				4813327A26BC47AA00AEE30C /* PasswordStatus.swift in Sources */,
				48190C8E26BC388D00FA4C1F /* SwiftUI_SignupApp.swift in Sources */,
			);
			runOnlyForDeploymentPostprocessing = 0;
		};
/* End PBXSourcesBuildPhase section */

/* Begin XCBuildConfiguration section */
		48190C9726BC388F00FA4C1F /* Debug */ = {
			isa = XCBuildConfiguration;
			buildSettings = {
				ALWAYS_SEARCH_USER_PATHS = NO;
				CLANG_ANALYZER_NONNULL = YES;
				CLANG_ANALYZER_NUMBER_OBJECT_CONVERSION = YES_AGGRESSIVE;
				CLANG_CXX_LANGUAGE_STANDARD = "gnu++14";
				CLANG_CXX_LIBRARY = "libc++";
				CLANG_ENABLE_MODULES = YES;
				CLANG_ENABLE_OBJC_ARC = YES;
				CLANG_ENABLE_OBJC_WEAK = YES;
				CLANG_WARN_BLOCK_CAPTURE_AUTORELEASING = YES;
				CLANG_WARN_BOOL_CONVERSION = YES;
				CLANG_WARN_COMMA = YES;
				CLANG_WARN_CONSTANT_CONVERSION = YES;
				CLANG_WARN_DEPRECATED_OBJC_IMPLEMENTATIONS = YES;
				CLANG_WARN_DIRECT_OBJC_ISA_USAGE = YES_ERROR;
				CLANG_WARN_DOCUMENTATION_COMMENTS = YES;
				CLANG_WARN_EMPTY_BODY = YES;
				CLANG_WARN_ENUM_CONVERSION = YES;
				CLANG_WARN_INFINITE_RECURSION = YES;
				CLANG_WARN_INT_CONVERSION = YES;
				CLANG_WARN_NON_LITERAL_NULL_CONVERSION = YES;
				CLANG_WARN_OBJC_IMPLICIT_RETAIN_SELF = YES;
				CLANG_WARN_OBJC_LITERAL_CONVERSION = YES;
				CLANG_WARN_OBJC_ROOT_CLASS = YES_ERROR;
				CLANG_WARN_QUOTED_INCLUDE_IN_FRAMEWORK_HEADER = YES;
				CLANG_WARN_RANGE_LOOP_ANALYSIS = YES;
				CLANG_WARN_STRICT_PROTOTYPES = YES;
				CLANG_WARN_SUSPICIOUS_MOVE = YES;
				CLANG_WARN_UNGUARDED_AVAILABILITY = YES_AGGRESSIVE;
				CLANG_WARN_UNREACHABLE_CODE = YES;
				CLANG_WARN__DUPLICATE_METHOD_MATCH = YES;
				COPY_PHASE_STRIP = NO;
				DEBUG_INFORMATION_FORMAT = dwarf;
				ENABLE_STRICT_OBJC_MSGSEND = YES;
				ENABLE_TESTABILITY = YES;
				GCC_C_LANGUAGE_STANDARD = gnu11;
				GCC_DYNAMIC_NO_PIC = NO;
				GCC_NO_COMMON_BLOCKS = YES;
				GCC_OPTIMIZATION_LEVEL = 0;
				GCC_PREPROCESSOR_DEFINITIONS = (
					"DEBUG=1",
					"$(inherited)",
				);
				GCC_WARN_64_TO_32_BIT_CONVERSION = YES;
				GCC_WARN_ABOUT_RETURN_TYPE = YES_ERROR;
				GCC_WARN_UNDECLARED_SELECTOR = YES;
				GCC_WARN_UNINITIALIZED_AUTOS = YES_AGGRESSIVE;
				GCC_WARN_UNUSED_FUNCTION = YES;
				GCC_WARN_UNUSED_VARIABLE = YES;
				IPHONEOS_DEPLOYMENT_TARGET = 13.0;
				MTL_ENABLE_DEBUG_INFO = INCLUDE_SOURCE;
				MTL_FAST_MATH = YES;
				ONLY_ACTIVE_ARCH = YES;
				SDKROOT = iphoneos;
				SWIFT_ACTIVE_COMPILATION_CONDITIONS = DEBUG;
				SWIFT_OPTIMIZATION_LEVEL = "-Onone";
			};
			name = Debug;
		};
		48190C9826BC388F00FA4C1F /* Release */ = {
			isa = XCBuildConfiguration;
			buildSettings = {
				ALWAYS_SEARCH_USER_PATHS = NO;
				CLANG_ANALYZER_NONNULL = YES;
				CLANG_ANALYZER_NUMBER_OBJECT_CONVERSION = YES_AGGRESSIVE;
				CLANG_CXX_LANGUAGE_STANDARD = "gnu++14";
				CLANG_CXX_LIBRARY = "libc++";
				CLANG_ENABLE_MODULES = YES;
				CLANG_ENABLE_OBJC_ARC = YES;
				CLANG_ENABLE_OBJC_WEAK = YES;
				CLANG_WARN_BLOCK_CAPTURE_AUTORELEASING = YES;
				CLANG_WARN_BOOL_CONVERSION = YES;
				CLANG_WARN_COMMA = YES;
				CLANG_WARN_CONSTANT_CONVERSION = YES;
				CLANG_WARN_DEPRECATED_OBJC_IMPLEMENTATIONS = YES;
				CLANG_WARN_DIRECT_OBJC_ISA_USAGE = YES_ERROR;
				CLANG_WARN_DOCUMENTATION_COMMENTS = YES;
				CLANG_WARN_EMPTY_BODY = YES;
				CLANG_WARN_ENUM_CONVERSION = YES;
				CLANG_WARN_INFINITE_RECURSION = YES;
				CLANG_WARN_INT_CONVERSION = YES;
				CLANG_WARN_NON_LITERAL_NULL_CONVERSION = YES;
				CLANG_WARN_OBJC_IMPLICIT_RETAIN_SELF = YES;
				CLANG_WARN_OBJC_LITERAL_CONVERSION = YES;
				CLANG_WARN_OBJC_ROOT_CLASS = YES_ERROR;
				CLANG_WARN_QUOTED_INCLUDE_IN_FRAMEWORK_HEADER = YES;
				CLANG_WARN_RANGE_LOOP_ANALYSIS = YES;
				CLANG_WARN_STRICT_PROTOTYPES = YES;
				CLANG_WARN_SUSPICIOUS_MOVE = YES;
				CLANG_WARN_UNGUARDED_AVAILABILITY = YES_AGGRESSIVE;
				CLANG_WARN_UNREACHABLE_CODE = YES;
				CLANG_WARN__DUPLICATE_METHOD_MATCH = YES;
				COPY_PHASE_STRIP = NO;
				DEBUG_INFORMATION_FORMAT = "dwarf-with-dsym";
				ENABLE_NS_ASSERTIONS = NO;
				ENABLE_STRICT_OBJC_MSGSEND = YES;
				GCC_C_LANGUAGE_STANDARD = gnu11;
				GCC_NO_COMMON_BLOCKS = YES;
				GCC_WARN_64_TO_32_BIT_CONVERSION = YES;
				GCC_WARN_ABOUT_RETURN_TYPE = YES_ERROR;
				GCC_WARN_UNDECLARED_SELECTOR = YES;
				GCC_WARN_UNINITIALIZED_AUTOS = YES_AGGRESSIVE;
				GCC_WARN_UNUSED_FUNCTION = YES;
				GCC_WARN_UNUSED_VARIABLE = YES;
				IPHONEOS_DEPLOYMENT_TARGET = 13.0;
				MTL_ENABLE_DEBUG_INFO = NO;
				MTL_FAST_MATH = YES;
				SDKROOT = iphoneos;
				SWIFT_COMPILATION_MODE = wholemodule;
				SWIFT_OPTIMIZATION_LEVEL = "-O";
				VALIDATE_PRODUCT = YES;
			};
			name = Release;
		};
		48190C9A26BC388F00FA4C1F /* Debug */ = {
			isa = XCBuildConfiguration;
			buildSettings = {
				ASSETCATALOG_COMPILER_APPICON_NAME = AppIcon;
				ASSETCATALOG_COMPILER_GLOBAL_ACCENT_COLOR_NAME = AccentColor;
				CODE_SIGN_STYLE = Automatic;
				DEVELOPMENT_ASSET_PATHS = "\"SwiftUI-Signup/Preview Content\"";
				DEVELOPMENT_TEAM = A38N993DD8;
				ENABLE_PREVIEWS = YES;
				INFOPLIST_FILE = "SwiftUI-Signup/Info.plist";
				IPHONEOS_DEPLOYMENT_TARGET = 13.0;
				LD_RUNPATH_SEARCH_PATHS = (
					"$(inherited)",
					"@executable_path/Frameworks",
				);
				PRODUCT_BUNDLE_IDENTIFIER = "com.paolodellaquila.SwiftUI-Signup";
				PRODUCT_NAME = "$(TARGET_NAME)";
				SWIFT_VERSION = 5.0;
				TARGETED_DEVICE_FAMILY = "1,2";
			};
			name = Debug;
		};
		48190C9B26BC388F00FA4C1F /* Release */ = {
			isa = XCBuildConfiguration;
			buildSettings = {
				ASSETCATALOG_COMPILER_APPICON_NAME = AppIcon;
				ASSETCATALOG_COMPILER_GLOBAL_ACCENT_COLOR_NAME = AccentColor;
				CODE_SIGN_STYLE = Automatic;
				DEVELOPMENT_ASSET_PATHS = "\"SwiftUI-Signup/Preview Content\"";
				DEVELOPMENT_TEAM = A38N993DD8;
				ENABLE_PREVIEWS = YES;
				INFOPLIST_FILE = "SwiftUI-Signup/Info.plist";
				IPHONEOS_DEPLOYMENT_TARGET = 13.0;
				LD_RUNPATH_SEARCH_PATHS = (
					"$(inherited)",
					"@executable_path/Frameworks",
				);
				PRODUCT_BUNDLE_IDENTIFIER = "com.paolodellaquila.SwiftUI-Signup";
				PRODUCT_NAME = "$(TARGET_NAME)";
				SWIFT_VERSION = 5.0;
				TARGETED_DEVICE_FAMILY = "1,2";
			};
			name = Release;
		};
/* End XCBuildConfiguration section */

/* Begin XCConfigurationList section */
		48190C8526BC388D00FA4C1F /* Build configuration list for PBXProject "SwiftUI-Signup" */ = {
			isa = XCConfigurationList;
			buildConfigurations = (
				48190C9726BC388F00FA4C1F /* Debug */,
				48190C9826BC388F00FA4C1F /* Release */,
			);
			defaultConfigurationIsVisible = 0;
			defaultConfigurationName = Release;
		};
		48190C9926BC388F00FA4C1F /* Build configuration list for PBXNativeTarget "SwiftUI-Signup" */ = {
			isa = XCConfigurationList;
			buildConfigurations = (
				48190C9A26BC388F00FA4C1F /* Debug */,
				48190C9B26BC388F00FA4C1F /* Release */,
			);
			defaultConfigurationIsVisible = 0;
			defaultConfigurationName = Release;
		};
/* End XCConfigurationList section */
	};
	rootObject = 48190C8226BC388D00FA4C1F /* Project object */;
}
